
Microsoft Visual Studio Solution File, Format Version 12.00
# Visual Studio Version 16
VisualStudioVersion = 16.0.30011.22
MinimumVisualStudioVersion = 10.0.40219.1
Project("{FAE04EC0-301F-11D3-BF4B-00C04F79EFBC}") = "Topisimo", "Topisimo.csproj", "{1DC29573-9434-4EE4-A618-2F0338DE594C}"
EndProject
Global
	GlobalSection(SolutionConfigurationPlatforms) = preSolution
		Debug|Any CPU = Debug|Any CPU
		Release|Any CPU = Release|Any CPU
	EndGlobalSection
	GlobalSection(ProjectConfigurationPlatforms) = postSolution
		{1DC29573-9434-4EE4-A618-2F0338DE594C}.Debug|Any CPU.ActiveCfg = Debug|Any CPU
		{1DC29573-9434-4EE4-A618-2F0338DE594C}.Debug|Any CPU.Build.0 = Debug|Any CPU
		{1DC29573-9434-4EE4-A618-2F0338DE594C}.Release|Any CPU.ActiveCfg = Release|Any CPU
		{1DC29573-9434-4EE4-A618-2F0338DE594C}.Release|Any CPU.Build.0 = Release|Any CPU
	EndGlobalSection
	GlobalSection(SolutionProperties) = preSolution
		HideSolutionNode = FALSE
	EndGlobalSection
	GlobalSection(ExtensibilityGlobals) = postSolution
		SolutionGuid = {DED2F5F8-3962-4C42-99BB-56BC33EC2525}
	EndGlobalSection
EndGlobal
